// !$*UTF8*$!
{
	archiveVersion = 1;
	classes = {
	};
	objectVersion = 56;
	objects = {

/* Begin PBXBuildFile section */
		001 /* DianeMenuApp.swift in Sources */ = {isa = PBXBuildFile; fileRef = 101 /* DianeMenuApp.swift */; };
		002 /* MenuBarView.swift in Sources */ = {isa = PBXBuildFile; fileRef = 102 /* MenuBarView.swift */; };
		003 /* SettingsView.swift in Sources */ = {isa = PBXBuildFile; fileRef = 103 /* SettingsView.swift */; };
		004 /* DianeClient.swift in Sources */ = {isa = PBXBuildFile; fileRef = 104 /* DianeClient.swift */; };
		005 /* StatusMonitor.swift in Sources */ = {isa = PBXBuildFile; fileRef = 105 /* StatusMonitor.swift */; };
		006 /* DianeStatus.swift in Sources */ = {isa = PBXBuildFile; fileRef = 106 /* DianeStatus.swift */; };
		007 /* Assets.xcassets in Resources */ = {isa = PBXBuildFile; fileRef = 107 /* Assets.xcassets */; };
		008 /* UpdateChecker.swift in Sources */ = {isa = PBXBuildFile; fileRef = 109 /* UpdateChecker.swift */; };
		009 /* ToolsBrowserView.swift in Sources */ = {isa = PBXBuildFile; fileRef = 110 /* ToolsBrowserView.swift */; };
		010 /* WindowManager.swift in Sources */ = {isa = PBXBuildFile; fileRef = 111 /* WindowManager.swift */; };
		011 /* Job.swift in Sources */ = {isa = PBXBuildFile; fileRef = 112 /* Job.swift */; };
		012 /* SchedulerView.swift in Sources */ = {isa = PBXBuildFile; fileRef = 113 /* SchedulerView.swift */; };
		013 /* Agent.swift in Sources */ = {isa = PBXBuildFile; fileRef = 114 /* Agent.swift */; };
		014 /* AgentsView.swift in Sources */ = {isa = PBXBuildFile; fileRef = 115 /* AgentsView.swift */; };
		015 /* FileLogger.swift in Sources */ = {isa = PBXBuildFile; fileRef = 116 /* FileLogger.swift */; };
/* End PBXBuildFile section */

/* Begin PBXFileReference section */
		100 /* DianeMenu.app */ = {isa = PBXFileReference; explicitFileType = wrapper.application; includeInIndex = 0; path = DianeMenu.app; sourceTree = BUILT_PRODUCTS_DIR; };
		101 /* DianeMenuApp.swift */ = {isa = PBXFileReference; lastKnownFileType = sourcecode.swift; path = DianeMenuApp.swift; sourceTree = "<group>"; };
		102 /* MenuBarView.swift */ = {isa = PBXFileReference; lastKnownFileType = sourcecode.swift; path = MenuBarView.swift; sourceTree = "<group>"; };
		103 /* SettingsView.swift */ = {isa = PBXFileReference; lastKnownFileType = sourcecode.swift; path = SettingsView.swift; sourceTree = "<group>"; };
		104 /* DianeClient.swift */ = {isa = PBXFileReference; lastKnownFileType = sourcecode.swift; path = DianeClient.swift; sourceTree = "<group>"; };
		105 /* StatusMonitor.swift */ = {isa = PBXFileReference; lastKnownFileType = sourcecode.swift; path = StatusMonitor.swift; sourceTree = "<group>"; };
		106 /* DianeStatus.swift */ = {isa = PBXFileReference; lastKnownFileType = sourcecode.swift; path = DianeStatus.swift; sourceTree = "<group>"; };
		107 /* Assets.xcassets */ = {isa = PBXFileReference; lastKnownFileType = folder.assetcatalog; path = Assets.xcassets; sourceTree = "<group>"; };
		108 /* DianeMenu.entitlements */ = {isa = PBXFileReference; lastKnownFileType = text.plist.entitlements; path = DianeMenu.entitlements; sourceTree = "<group>"; };
		109 /* UpdateChecker.swift */ = {isa = PBXFileReference; lastKnownFileType = sourcecode.swift; path = UpdateChecker.swift; sourceTree = "<group>"; };
		110 /* ToolsBrowserView.swift */ = {isa = PBXFileReference; lastKnownFileType = sourcecode.swift; path = ToolsBrowserView.swift; sourceTree = "<group>"; };
		111 /* WindowManager.swift */ = {isa = PBXFileReference; lastKnownFileType = sourcecode.swift; path = WindowManager.swift; sourceTree = "<group>"; };
		112 /* Job.swift */ = {isa = PBXFileReference; lastKnownFileType = sourcecode.swift; path = Job.swift; sourceTree = "<group>"; };
		113 /* SchedulerView.swift */ = {isa = PBXFileReference; lastKnownFileType = sourcecode.swift; path = SchedulerView.swift; sourceTree = "<group>"; };
		114 /* Agent.swift */ = {isa = PBXFileReference; lastKnownFileType = sourcecode.swift; path = Agent.swift; sourceTree = "<group>"; };
		115 /* AgentsView.swift */ = {isa = PBXFileReference; lastKnownFileType = sourcecode.swift; path = AgentsView.swift; sourceTree = "<group>"; };
		116 /* FileLogger.swift */ = {isa = PBXFileReference; lastKnownFileType = sourcecode.swift; path = FileLogger.swift; sourceTree = "<group>"; };
/* End PBXFileReference section */

/* Begin PBXFrameworksBuildPhase section */
		200 /* Frameworks */ = {
			isa = PBXFrameworksBuildPhase;
			buildActionMask = 2147483647;
			files = (
			);
			runOnlyForDeploymentPostprocessing = 0;
		};
/* End PBXFrameworksBuildPhase section */

/* Begin PBXGroup section */
		300 = {
			isa = PBXGroup;
			children = (
				301 /* DianeMenu */,
				302 /* Products */,
			);
			sourceTree = "<group>";
		};
		301 /* DianeMenu */ = {
			isa = PBXGroup;
			children = (
				303 /* App */,
				304 /* Views */,
				305 /* Services */,
				306 /* Models */,
				307 /* Resources */,
			);
			path = DianeMenu;
			sourceTree = "<group>";
		};
		302 /* Products */ = {
			isa = PBXGroup;
			children = (
				100 /* DianeMenu.app */,
			);
			name = Products;
			sourceTree = "<group>";
		};
		303 /* App */ = {
			isa = PBXGroup;
			children = (
				101 /* DianeMenuApp.swift */,
				108 /* DianeMenu.entitlements */,
			);
			path = App;
			sourceTree = "<group>";
		};
		304 /* Views */ = {
			isa = PBXGroup;
			children = (
				102 /* MenuBarView.swift */,
				103 /* SettingsView.swift */,
				110 /* ToolsBrowserView.swift */,
				113 /* SchedulerView.swift */,
				115 /* AgentsView.swift */,
			);
			path = Views;
			sourceTree = "<group>";
		};
		305 /* Services */ = {
			isa = PBXGroup;
			children = (
				104 /* DianeClient.swift */,
				105 /* StatusMonitor.swift */,
				109 /* UpdateChecker.swift */,
				111 /* WindowManager.swift */,
				116 /* FileLogger.swift */,
			);
			path = Services;
			sourceTree = "<group>";
		};
		306 /* Models */ = {
			isa = PBXGroup;
			children = (
				106 /* DianeStatus.swift */,
				112 /* Job.swift */,
				114 /* Agent.swift */,
			);
			path = Models;
			sourceTree = "<group>";
		};
		307 /* Resources */ = {
			isa = PBXGroup;
			children = (
				107 /* Assets.xcassets */,
			);
			path = Resources;
			sourceTree = "<group>";
		};
/* End PBXGroup section */

/* Begin PBXNativeTarget section */
		400 /* DianeMenu */ = {
			isa = PBXNativeTarget;
			buildConfigurationList = 500 /* Build configuration list for PBXNativeTarget "DianeMenu" */;
			buildPhases = (
				401 /* Sources */,
				200 /* Frameworks */,
				402 /* Resources */,
			);
			buildRules = (
			);
			dependencies = (
			);
			name = DianeMenu;
			productName = DianeMenu;
			productReference = 100 /* DianeMenu.app */;
			productType = "com.apple.product-type.application";
		};
/* End PBXNativeTarget section */

/* Begin PBXProject section */
		600 /* Project object */ = {
			isa = PBXProject;
			attributes = {
				BuildIndependentTargetsInParallel = 1;
				LastSwiftUpdateCheck = 1500;
				LastUpgradeCheck = 1500;
				TargetAttributes = {
					400 = {
						CreatedOnToolsVersion = 15.0;
					};
				};
			};
			buildConfigurationList = 601 /* Build configuration list for PBXProject "DianeMenu" */;
			compatibilityVersion = "Xcode 14.0";
			developmentRegion = en;
			hasScannedForEncodings = 0;
			knownRegions = (
				en,
				Base,
			);
			mainGroup = 300;
			productRefGroup = 302 /* Products */;
			projectDirPath = "";
			projectRoot = "";
			targets = (
				400 /* DianeMenu */,
			);
		};
/* End PBXProject section */

/* Begin PBXResourcesBuildPhase section */
		402 /* Resources */ = {
			isa = PBXResourcesBuildPhase;
			buildActionMask = 2147483647;
			files = (
				007 /* Assets.xcassets in Resources */,
			);
			runOnlyForDeploymentPostprocessing = 0;
		};
/* End PBXResourcesBuildPhase section */

/* Begin PBXSourcesBuildPhase section */
		401 /* Sources */ = {
			isa = PBXSourcesBuildPhase;
			buildActionMask = 2147483647;
			files = (
				001 /* DianeMenuApp.swift in Sources */,
				002 /* MenuBarView.swift in Sources */,
				003 /* SettingsView.swift in Sources */,
				004 /* DianeClient.swift in Sources */,
				005 /* StatusMonitor.swift in Sources */,
				006 /* DianeStatus.swift in Sources */,
				008 /* UpdateChecker.swift in Sources */,
				009 /* ToolsBrowserView.swift in Sources */,
				010 /* WindowManager.swift in Sources */,
				011 /* Job.swift in Sources */,
				012 /* SchedulerView.swift in Sources */,
				013 /* Agent.swift in Sources */,
				014 /* AgentsView.swift in Sources */,
				015 /* FileLogger.swift in Sources */,
			);
			runOnlyForDeploymentPostprocessing = 0;
		};
/* End PBXSourcesBuildPhase section */

/* Begin XCBuildConfiguration section */
		700 /* Debug */ = {
			isa = XCBuildConfiguration;
			buildSettings = {
				ALWAYS_SEARCH_USER_PATHS = NO;
				ASSETCATALOG_COMPILER_GENERATE_SWIFT_ASSET_SYMBOL_EXTENSIONS = YES;
				CLANG_ANALYZER_NONNULL = YES;
				CLANG_ANALYZER_NUMBER_OBJECT_CONVERSION = YES_AGGRESSIVE;
				CLANG_CXX_LANGUAGE_STANDARD = "gnu++20";
				CLANG_ENABLE_MODULES = YES;
				CLANG_ENABLE_OBJC_ARC = YES;
				CLANG_ENABLE_OBJC_WEAK = YES;
				CLANG_WARN_BLOCK_CAPTURE_AUTORELEASING = YES;
				CLANG_WARN_BOOL_CONVERSION = YES;
				CLANG_WARN_COMMA = YES;
				CLANG_WARN_CONSTANT_CONVERSION = YES;
				CLANG_WARN_DEPRECATED_OBJC_IMPLEMENTATIONS = YES;
				CLANG_WARN_DIRECT_OBJC_ISA_USAGE = YES_ERROR;
				CLANG_WARN_DOCUMENTATION_COMMENTS = YES;
				CLANG_WARN_EMPTY_BODY = YES;
				CLANG_WARN_ENUM_CONVERSION = YES;
				CLANG_WARN_INFINITE_RECURSION = YES;
				CLANG_WARN_INT_CONVERSION = YES;
				CLANG_WARN_NON_LITERAL_NULL_CONVERSION = YES;
				CLANG_WARN_OBJC_IMPLICIT_RETAIN_SELF = YES;
				CLANG_WARN_OBJC_LITERAL_CONVERSION = YES;
				CLANG_WARN_OBJC_ROOT_CLASS = YES_ERROR;
				CLANG_WARN_QUOTED_INCLUDE_IN_FRAMEWORK_HEADER = YES;
				CLANG_WARN_RANGE_LOOP_ANALYSIS = YES;
				CLANG_WARN_STRICT_PROTOTYPES = YES;
				CLANG_WARN_SUSPICIOUS_MOVE = YES;
				CLANG_WARN_UNGUARDED_AVAILABILITY = YES_AGGRESSIVE;
				CLANG_WARN_UNREACHABLE_CODE = YES;
				CLANG_WARN__DUPLICATE_METHOD_MATCH = YES;
				COPY_PHASE_STRIP = NO;
				DEBUG_INFORMATION_FORMAT = dwarf;
				ENABLE_STRICT_OBJC_MSGSEND = YES;
				ENABLE_TESTABILITY = YES;
				ENABLE_USER_SCRIPT_SANDBOXING = YES;
				GCC_C_LANGUAGE_STANDARD = gnu17;
				GCC_DYNAMIC_NO_PIC = NO;
				GCC_NO_COMMON_BLOCKS = YES;
				GCC_OPTIMIZATION_LEVEL = 0;
				GCC_PREPROCESSOR_DEFINITIONS = (
					"DEBUG=1",
					"$(inherited)",
				);
				GCC_WARN_64_TO_32_BIT_CONVERSION = YES;
				GCC_WARN_ABOUT_RETURN_TYPE = YES_ERROR;
				GCC_WARN_UNDECLARED_SELECTOR = YES;
				GCC_WARN_UNINITIALIZED_AUTOS = YES_AGGRESSIVE;
				GCC_WARN_UNUSED_FUNCTION = YES;
				GCC_WARN_UNUSED_VARIABLE = YES;
				MACOSX_DEPLOYMENT_TARGET = 15.0;
				MTL_ENABLE_DEBUG_INFO = INCLUDE_SOURCE;
				MTL_FAST_MATH = YES;
				ONLY_ACTIVE_ARCH = YES;
				SDKROOT = macosx;
				SWIFT_ACTIVE_COMPILATION_CONDITIONS = "DEBUG $(inherited)";
				SWIFT_OPTIMIZATION_LEVEL = "-Onone";
			};
			name = Debug;
		};
		701 /* Release */ = {
			isa = XCBuildConfiguration;
			buildSettings = {
				ALWAYS_SEARCH_USER_PATHS = NO;
				ASSETCATALOG_COMPILER_GENERATE_SWIFT_ASSET_SYMBOL_EXTENSIONS = YES;
				CLANG_ANALYZER_NONNULL = YES;
				CLANG_ANALYZER_NUMBER_OBJECT_CONVERSION = YES_AGGRESSIVE;
				CLANG_CXX_LANGUAGE_STANDARD = "gnu++20";
				CLANG_ENABLE_MODULES = YES;
				CLANG_ENABLE_OBJC_ARC = YES;
				CLANG_ENABLE_OBJC_WEAK = YES;
				CLANG_WARN_BLOCK_CAPTURE_AUTORELEASING = YES;
				CLANG_WARN_BOOL_CONVERSION = YES;
				CLANG_WARN_COMMA = YES;
				CLANG_WARN_CONSTANT_CONVERSION = YES;
				CLANG_WARN_DEPRECATED_OBJC_IMPLEMENTATIONS = YES;
				CLANG_WARN_DIRECT_OBJC_ISA_USAGE = YES_ERROR;
				CLANG_WARN_DOCUMENTATION_COMMENTS = YES;
				CLANG_WARN_EMPTY_BODY = YES;
				CLANG_WARN_ENUM_CONVERSION = YES;
				CLANG_WARN_INFINITE_RECURSION = YES;
				CLANG_WARN_INT_CONVERSION = YES;
				CLANG_WARN_NON_LITERAL_NULL_CONVERSION = YES;
				CLANG_WARN_OBJC_IMPLICIT_RETAIN_SELF = YES;
				CLANG_WARN_OBJC_LITERAL_CONVERSION = YES;
				CLANG_WARN_OBJC_ROOT_CLASS = YES_ERROR;
				CLANG_WARN_QUOTED_INCLUDE_IN_FRAMEWORK_HEADER = YES;
				CLANG_WARN_RANGE_LOOP_ANALYSIS = YES;
				CLANG_WARN_STRICT_PROTOTYPES = YES;
				CLANG_WARN_SUSPICIOUS_MOVE = YES;
				CLANG_WARN_UNGUARDED_AVAILABILITY = YES_AGGRESSIVE;
				CLANG_WARN_UNREACHABLE_CODE = YES;
				CLANG_WARN__DUPLICATE_METHOD_MATCH = YES;
				COPY_PHASE_STRIP = NO;
				DEBUG_INFORMATION_FORMAT = "dwarf-with-dsym";
				ENABLE_NS_ASSERTIONS = NO;
				ENABLE_STRICT_OBJC_MSGSEND = YES;
				ENABLE_USER_SCRIPT_SANDBOXING = YES;
				GCC_C_LANGUAGE_STANDARD = gnu17;
				GCC_NO_COMMON_BLOCKS = YES;
				GCC_WARN_64_TO_32_BIT_CONVERSION = YES;
				GCC_WARN_ABOUT_RETURN_TYPE = YES_ERROR;
				GCC_WARN_UNDECLARED_SELECTOR = YES;
				GCC_WARN_UNINITIALIZED_AUTOS = YES_AGGRESSIVE;
				GCC_WARN_UNUSED_FUNCTION = YES;
				GCC_WARN_UNUSED_VARIABLE = YES;
				MACOSX_DEPLOYMENT_TARGET = 15.0;
				MTL_ENABLE_DEBUG_INFO = NO;
				MTL_FAST_MATH = YES;
				SDKROOT = macosx;
				SWIFT_COMPILATION_MODE = wholemodule;
			};
			name = Release;
		};
		702 /* Debug */ = {
			isa = XCBuildConfiguration;
			buildSettings = {
				ASSETCATALOG_COMPILER_APPICON_NAME = AppIcon;
				ASSETCATALOG_COMPILER_GLOBAL_ACCENT_COLOR_NAME = AccentColor;
				CODE_SIGN_ENTITLEMENTS = DianeMenu/App/DianeMenu.entitlements;
				CODE_SIGN_STYLE = Automatic;
				COMBINE_HIDPI_IMAGES = YES;
				CURRENT_PROJECT_VERSION = 1;
				DEVELOPMENT_TEAM = "";
				ENABLE_HARDENED_RUNTIME = YES;
				GENERATE_INFOPLIST_FILE = YES;
				INFOPLIST_KEY_CFBundleDisplayName = DianeMenu;
				INFOPLIST_KEY_LSApplicationCategoryType = "public.app-category.utilities";
				INFOPLIST_KEY_LSUIElement = YES;
				INFOPLIST_KEY_NSHumanReadableCopyright = "";
				LD_RUNPATH_SEARCH_PATHS = (
					"$(inherited)",
					"@executable_path/../Frameworks",
				);
				MARKETING_VERSION = 1.0;
				PRODUCT_BUNDLE_IDENTIFIER = com.diane.DianeMenu;
				PRODUCT_NAME = "$(TARGET_NAME)";
				SWIFT_EMIT_LOC_STRINGS = YES;
				SWIFT_STRICT_CONCURRENCY = complete;
				SWIFT_VERSION = 5.0;
			};
			name = Debug;
		};
		703 /* Release */ = {
			isa = XCBuildConfiguration;
			buildSettings = {
				ASSETCATALOG_COMPILER_APPICON_NAME = AppIcon;
				ASSETCATALOG_COMPILER_GLOBAL_ACCENT_COLOR_NAME = AccentColor;
				CODE_SIGN_ENTITLEMENTS = DianeMenu/App/DianeMenu.entitlements;
				CODE_SIGN_STYLE = Automatic;
				COMBINE_HIDPI_IMAGES = YES;
				CURRENT_PROJECT_VERSION = 1;
				DEVELOPMENT_TEAM = "";
				ENABLE_HARDENED_RUNTIME = YES;
				GENERATE_INFOPLIST_FILE = YES;
				INFOPLIST_KEY_CFBundleDisplayName = DianeMenu;
				INFOPLIST_KEY_LSApplicationCategoryType = "public.app-category.utilities";
				INFOPLIST_KEY_LSUIElement = YES;
				INFOPLIST_KEY_NSHumanReadableCopyright = "";
				LD_RUNPATH_SEARCH_PATHS = (
					"$(inherited)",
					"@executable_path/../Frameworks",
				);
				MARKETING_VERSION = 1.0;
				PRODUCT_BUNDLE_IDENTIFIER = com.diane.DianeMenu;
				PRODUCT_NAME = "$(TARGET_NAME)";
				SWIFT_EMIT_LOC_STRINGS = YES;
				SWIFT_STRICT_CONCURRENCY = complete;
				SWIFT_VERSION = 5.0;
			};
			name = Release;
		};
/* End XCBuildConfiguration section */

/* Begin XCConfigurationList section */
		500 /* Build configuration list for PBXNativeTarget "DianeMenu" */ = {
			isa = XCConfigurationList;
			buildConfigurations = (
				702 /* Debug */,
				703 /* Release */,
			);
			defaultConfigurationIsVisible = 0;
			defaultConfigurationName = Release;
		};
		601 /* Build configuration list for PBXProject "DianeMenu" */ = {
			isa = XCConfigurationList;
			buildConfigurations = (
				700 /* Debug */,
				701 /* Release */,
			);
			defaultConfigurationIsVisible = 0;
			defaultConfigurationName = Release;
		};
/* End XCConfigurationList section */
	};
	rootObject = 600 /* Project object */;
}
